# This file is @generated by PDM.
# It is not intended for manual editing.

[metadata]
groups = ["default"]
cross_platform = true
static_urls = false
lock_version = "4.3"
content_hash = "sha256:27b512eb806cd158e141b627669da9e3b9b2cc168947de48e11b9cca375b60fb"

[[package]]
name = "colorama"
version = "0.4.6"
requires_python = "!=3.0.*,!=3.1.*,!=3.2.*,!=3.3.*,!=3.4.*,!=3.5.*,!=3.6.*,>=2.7"
summary = "Cross-platform colored terminal text."
files = [
    {file = "colorama-0.4.6-py2.py3-none-any.whl", hash = "sha256:4f1d9991f5acc0ca119f9d443620b77f9d6b33703e51011c16baf57afb285fc6"},
    {file = "colorama-0.4.6.tar.gz", hash = "sha256:08695f5cb7ed6e0531a20572697297273c47b8cae5a63ffc6d6ed5c201be6e44"},
]

[[package]]
name = "dill"
version = "0.3.7"
requires_python = ">=3.7"
summary = "serialize all of Python"
files = [
    {file = "dill-0.3.7-py3-none-any.whl", hash = "sha256:76b122c08ef4ce2eedcd4d1abd8e641114bfc6c2867f49f3c41facf65bf19f5e"},
    {file = "dill-0.3.7.tar.gz", hash = "sha256:cc1c8b182eb3013e24bd475ff2e9295af86c1a38eb1aff128dac8962a9ce3c03"},
]

[[package]]
name = "llvmlite"
version = "0.40.1"
requires_python = ">=3.8"
summary = "lightweight wrapper around basic LLVM functionality"
files = [
    {file = "llvmlite-0.40.1-cp310-cp310-macosx_10_9_x86_64.whl", hash = "sha256:84ce9b1c7a59936382ffde7871978cddcda14098e5a76d961e204523e5c372fb"},
    {file = "llvmlite-0.40.1-cp310-cp310-macosx_11_0_arm64.whl", hash = "sha256:3673c53cb21c65d2ff3704962b5958e967c6fc0bd0cff772998face199e8d87b"},
    {file = "llvmlite-0.40.1-cp310-cp310-manylinux_2_17_aarch64.manylinux2014_aarch64.whl", hash = "sha256:bba2747cf5b4954e945c287fe310b3fcc484e2a9d1b0c273e99eb17d103bb0e6"},
    {file = "llvmlite-0.40.1-cp310-cp310-manylinux_2_17_x86_64.manylinux2014_x86_64.whl", hash = "sha256:bbd5e82cc990e5a3e343a3bf855c26fdfe3bfae55225f00efd01c05bbda79918"},
    {file = "llvmlite-0.40.1-cp310-cp310-win32.whl", hash = "sha256:09f83ea7a54509c285f905d968184bba00fc31ebf12f2b6b1494d677bb7dde9b"},
    {file = "llvmlite-0.40.1-cp310-cp310-win_amd64.whl", hash = "sha256:7b37297f3cbd68d14a97223a30620589d98ad1890e5040c9e5fc181063f4ed49"},
    {file = "llvmlite-0.40.1-cp311-cp311-macosx_10_9_x86_64.whl", hash = "sha256:a66a5bd580951751b4268f4c3bddcef92682814d6bc72f3cd3bb67f335dd7097"},
    {file = "llvmlite-0.40.1-cp311-cp311-macosx_11_0_arm64.whl", hash = "sha256:467b43836b388eaedc5a106d76761e388dbc4674b2f2237bc477c6895b15a634"},
    {file = "llvmlite-0.40.1-cp311-cp311-manylinux_2_17_aarch64.manylinux2014_aarch64.whl", hash = "sha256:0c23edd196bd797dc3a7860799054ea3488d2824ecabc03f9135110c2e39fcbc"},
    {file = "llvmlite-0.40.1-cp311-cp311-manylinux_2_17_x86_64.manylinux2014_x86_64.whl", hash = "sha256:a36d9f244b6680cb90bbca66b146dabb2972f4180c64415c96f7c8a2d8b60a36"},
    {file = "llvmlite-0.40.1-cp311-cp311-win_amd64.whl", hash = "sha256:5b3076dc4e9c107d16dc15ecb7f2faf94f7736cd2d5e9f4dc06287fd672452c1"},
    {file = "llvmlite-0.40.1-cp39-cp39-macosx_10_9_x86_64.whl", hash = "sha256:f643d15aacd0b0b0dc8b74b693822ba3f9a53fa63bc6a178c2dba7cc88f42144"},
    {file = "llvmlite-0.40.1-cp39-cp39-macosx_11_0_arm64.whl", hash = "sha256:39a0b4d0088c01a469a5860d2e2d7a9b4e6a93c0f07eb26e71a9a872a8cadf8d"},
    {file = "llvmlite-0.40.1-cp39-cp39-manylinux_2_17_aarch64.manylinux2014_aarch64.whl", hash = "sha256:9329b930d699699846623054121ed105fd0823ed2180906d3b3235d361645490"},
    {file = "llvmlite-0.40.1-cp39-cp39-manylinux_2_17_x86_64.manylinux2014_x86_64.whl", hash = "sha256:e2dbbb8424037ca287983b115a29adf37d806baf7e1bf4a67bd2cffb74e085ed"},
    {file = "llvmlite-0.40.1-cp39-cp39-win32.whl", hash = "sha256:e74e7bec3235a1e1c9ad97d897a620c5007d0ed80c32c84c1d787e7daa17e4ec"},
    {file = "llvmlite-0.40.1-cp39-cp39-win_amd64.whl", hash = "sha256:ff8f31111bb99d135ff296757dc81ab36c2dee54ed4bd429158a96da9807c316"},
    {file = "llvmlite-0.40.1.tar.gz", hash = "sha256:5cdb0d45df602099d833d50bd9e81353a5e036242d3c003c5b294fc61d1986b4"},
]

[[package]]
name = "markdown-it-py"
version = "3.0.0"
requires_python = ">=3.8"
summary = "Python port of markdown-it. Markdown parsing, done right!"
dependencies = [
    "mdurl~=0.1",
]
files = [
    {file = "markdown-it-py-3.0.0.tar.gz", hash = "sha256:e3f60a94fa066dc52ec76661e37c851cb232d92f9886b15cb560aaada2df8feb"},
    {file = "markdown_it_py-3.0.0-py3-none-any.whl", hash = "sha256:355216845c60bd96232cd8d8c40e8f9765cc86f46880e43a8fd22dc1a1a8cab1"},
]

[[package]]
name = "mdurl"
version = "0.1.2"
requires_python = ">=3.7"
summary = "Markdown URL utilities"
files = [
    {file = "mdurl-0.1.2-py3-none-any.whl", hash = "sha256:84008a41e51615a49fc9966191ff91509e3c40b939176e643fd50a5c2196b8f8"},
    {file = "mdurl-0.1.2.tar.gz", hash = "sha256:bb413d29f5eea38f31dd4754dd7377d4465116fb207585f97bf925588687c1ba"},
]

[[package]]
name = "numba"
version = "0.57.1"
requires_python = ">=3.8"
summary = "compiling Python code using LLVM"
dependencies = [
    "llvmlite<0.41,>=0.40.0dev0",
    "numpy<1.25,>=1.21",
]
files = [
    {file = "numba-0.57.1-cp310-cp310-macosx_10_9_x86_64.whl", hash = "sha256:db8268eb5093cae2288942a8cbd69c9352f6fe6e0bfa0a9a27679436f92e4248"},
    {file = "numba-0.57.1-cp310-cp310-macosx_11_0_arm64.whl", hash = "sha256:643cb09a9ba9e1bd8b060e910aeca455e9442361e80fce97690795ff9840e681"},
    {file = "numba-0.57.1-cp310-cp310-manylinux2014_aarch64.manylinux_2_17_aarch64.whl", hash = "sha256:53e9fab973d9e82c9f8449f75994a898daaaf821d84f06fbb0b9de2293dd9306"},
    {file = "numba-0.57.1-cp310-cp310-manylinux2014_x86_64.manylinux_2_17_x86_64.whl", hash = "sha256:c0602e4f896e6a6d844517c3ab434bc978e7698a22a733cc8124465898c28fa8"},
    {file = "numba-0.57.1-cp310-cp310-win32.whl", hash = "sha256:3d6483c27520d16cf5d122868b79cad79e48056ecb721b52d70c126bed65431e"},
    {file = "numba-0.57.1-cp310-cp310-win_amd64.whl", hash = "sha256:a32ee263649aa3c3587b833d6311305379529570e6c20deb0c6f4fb5bc7020db"},
    {file = "numba-0.57.1-cp311-cp311-macosx_10_9_x86_64.whl", hash = "sha256:4c078f84b5529a7fdb8413bb33d5100f11ec7b44aa705857d9eb4e54a54ff505"},
    {file = "numba-0.57.1-cp311-cp311-macosx_11_0_arm64.whl", hash = "sha256:e447c4634d1cc99ab50d4faa68f680f1d88b06a2a05acf134aa6fcc0342adeca"},
    {file = "numba-0.57.1-cp311-cp311-manylinux2014_aarch64.manylinux_2_17_aarch64.whl", hash = "sha256:4838edef2df5f056cb8974670f3d66562e751040c448eb0b67c7e2fec1726649"},
    {file = "numba-0.57.1-cp311-cp311-manylinux2014_x86_64.manylinux_2_17_x86_64.whl", hash = "sha256:9b17fbe4a69dcd9a7cd49916b6463cd9a82af5f84911feeb40793b8bce00dfa7"},
    {file = "numba-0.57.1-cp311-cp311-win_amd64.whl", hash = "sha256:93df62304ada9b351818ba19b1cfbddaf72cd89348e81474326ca0b23bf0bae1"},
    {file = "numba-0.57.1-cp39-cp39-macosx_10_9_x86_64.whl", hash = "sha256:ae50c8c90c2ce8057f9618b589223e13faa8cbc037d8f15b4aad95a2c33a0582"},
    {file = "numba-0.57.1-cp39-cp39-macosx_11_0_arm64.whl", hash = "sha256:9a1b2b69448e510d672ff9a6b18d2db9355241d93c6a77677baa14bec67dc2a0"},
    {file = "numba-0.57.1-cp39-cp39-manylinux2014_aarch64.manylinux_2_17_aarch64.whl", hash = "sha256:3cf78d74ad9d289fbc1e5b1c9f2680fca7a788311eb620581893ab347ec37a7e"},
    {file = "numba-0.57.1-cp39-cp39-manylinux2014_x86_64.manylinux_2_17_x86_64.whl", hash = "sha256:f47dd214adc5dcd040fe9ad2adbd2192133c9075d2189ce1b3d5f9d72863ef05"},
    {file = "numba-0.57.1-cp39-cp39-win32.whl", hash = "sha256:a3eac19529956185677acb7f01864919761bfffbb9ae04bbbe5e84bbc06cfc2b"},
    {file = "numba-0.57.1-cp39-cp39-win_amd64.whl", hash = "sha256:9587ba1bf5f3035575e45562ada17737535c6d612df751e811d702693a72d95e"},
    {file = "numba-0.57.1.tar.gz", hash = "sha256:33c0500170d213e66d90558ad6aca57d3e03e97bb11da82e6d87ab793648cb17"},
]

[[package]]
name = "numexpr"
version = "2.8.5"
requires_python = ">=3.7"
summary = "Fast numerical expression evaluator for NumPy"
dependencies = [
    "numpy>=1.13.3",
]
files = [
    {file = "numexpr-2.8.5-cp310-cp310-macosx_10_9_x86_64.whl", hash = "sha256:51f3ab160c3847ebcca93cd88f935a7802b54a01ab63fe93152994a64d7a6cf2"},
    {file = "numexpr-2.8.5-cp310-cp310-macosx_11_0_arm64.whl", hash = "sha256:de29c77f674e4eb8f0846525a475cab64008c227c8bc4ba5153ab3f72441cc63"},
    {file = "numexpr-2.8.5-cp310-cp310-manylinux_2_17_aarch64.manylinux2014_aarch64.whl", hash = "sha256:bf85ba1327eb87ec82ae7936f13c8850fb969a0ca34f3ba9fa3897c09d5c80d7"},
    {file = "numexpr-2.8.5-cp310-cp310-manylinux_2_17_x86_64.manylinux2014_x86_64.whl", hash = "sha256:3c00be69f747f44a631830215cab482f0f77f75af2925695adff57c1cc0f9a68"},
    {file = "numexpr-2.8.5-cp310-cp310-win32.whl", hash = "sha256:c46350dcdb93e32f033eea5a21269514ffcaf501d9abd6036992d37e48a308b0"},
    {file = "numexpr-2.8.5-cp310-cp310-win_amd64.whl", hash = "sha256:894b027438b8ec88dea32a19193716c79f4ff8ddb92302dcc9731b51ba3565a8"},
    {file = "numexpr-2.8.5-cp311-cp311-macosx_10_9_x86_64.whl", hash = "sha256:6df184d40d4cf9f21c71f429962f39332f7398147762588c9f3a5c77065d0c06"},
    {file = "numexpr-2.8.5-cp311-cp311-macosx_11_0_arm64.whl", hash = "sha256:178b85ad373c6903e55d75787d61b92380439b70d94b001cb055a501b0821335"},
    {file = "numexpr-2.8.5-cp311-cp311-manylinux_2_17_aarch64.manylinux2014_aarch64.whl", hash = "sha256:578fe4008e4d5d6ff01bbeb2d7b7ba1ec658a5cda9c720cd26a9a8325f8ef438"},
    {file = "numexpr-2.8.5-cp311-cp311-manylinux_2_17_x86_64.manylinux2014_x86_64.whl", hash = "sha256:ef621b4ee366a5c6a484f6678c9259f5b826569f8bfa0b89ba2306d5055468bb"},
    {file = "numexpr-2.8.5-cp311-cp311-win32.whl", hash = "sha256:dd57ab1a3d3aaa9274aff1cefbf93b8ddacc7973afef5b125905f6bf18fabab0"},
    {file = "numexpr-2.8.5-cp311-cp311-win_amd64.whl", hash = "sha256:783324ba40eb804ecfc9ebae86120a1e339ab112d0ab8a1f0d48a26354d5bf9b"},
    {file = "numexpr-2.8.5-cp39-cp39-macosx_10_9_x86_64.whl", hash = "sha256:1510da20e6f5f45333610b1ded44c566e2690c6c437c84f2a212ca09627c7e01"},
    {file = "numexpr-2.8.5-cp39-cp39-macosx_11_0_arm64.whl", hash = "sha256:9e8b5bf7bcb4e8dcd66522d8fc96e1db7278f901cb4fd2e155efbe62a41dde08"},
    {file = "numexpr-2.8.5-cp39-cp39-manylinux_2_17_aarch64.manylinux2014_aarch64.whl", hash = "sha256:4ed0e1c1ef5f34381448539f1fe9015906d21c9cfa2797c06194d4207dadb465"},
    {file = "numexpr-2.8.5-cp39-cp39-manylinux_2_17_x86_64.manylinux2014_x86_64.whl", hash = "sha256:aea6ab45c87c0a7041183c08a798f0ad4d7c5eccbce20cfe79ce6f1a45ef3702"},
    {file = "numexpr-2.8.5-cp39-cp39-win32.whl", hash = "sha256:cbfd833ee5fdb0efb862e152aee7e6ccea9c596d5c11d22604c2e6307bff7cad"},
    {file = "numexpr-2.8.5-cp39-cp39-win_amd64.whl", hash = "sha256:283ce8609a7ccbadf91a68f3484558b3e36d27c93c98a41ec205efb0ab43c872"},
    {file = "numexpr-2.8.5.tar.gz", hash = "sha256:45ed41e55a0abcecf3d711481e12a5fb7a904fe99d42bc282a17cc5f8ea510be"},
]

[[package]]
name = "numpy"
version = "1.24.4"
requires_python = ">=3.8"
summary = "Fundamental package for array computing in Python"
files = [
    {file = "numpy-1.24.4-cp310-cp310-macosx_10_9_x86_64.whl", hash = "sha256:c0bfb52d2169d58c1cdb8cc1f16989101639b34c7d3ce60ed70b19c63eba0b64"},
    {file = "numpy-1.24.4-cp310-cp310-macosx_11_0_arm64.whl", hash = "sha256:ed094d4f0c177b1b8e7aa9cba7d6ceed51c0e569a5318ac0ca9a090680a6a1b1"},
    {file = "numpy-1.24.4-cp310-cp310-manylinux_2_17_aarch64.manylinux2014_aarch64.whl", hash = "sha256:79fc682a374c4a8ed08b331bef9c5f582585d1048fa6d80bc6c35bc384eee9b4"},
    {file = "numpy-1.24.4-cp310-cp310-manylinux_2_17_x86_64.manylinux2014_x86_64.whl", hash = "sha256:7ffe43c74893dbf38c2b0a1f5428760a1a9c98285553c89e12d70a96a7f3a4d6"},
    {file = "numpy-1.24.4-cp310-cp310-win32.whl", hash = "sha256:4c21decb6ea94057331e111a5bed9a79d335658c27ce2adb580fb4d54f2ad9bc"},
    {file = "numpy-1.24.4-cp310-cp310-win_amd64.whl", hash = "sha256:b4bea75e47d9586d31e892a7401f76e909712a0fd510f58f5337bea9572c571e"},
    {file = "numpy-1.24.4-cp311-cp311-macosx_10_9_x86_64.whl", hash = "sha256:f136bab9c2cfd8da131132c2cf6cc27331dd6fae65f95f69dcd4ae3c3639c810"},
    {file = "numpy-1.24.4-cp311-cp311-macosx_11_0_arm64.whl", hash = "sha256:e2926dac25b313635e4d6cf4dc4e51c8c0ebfed60b801c799ffc4c32bf3d1254"},
    {file = "numpy-1.24.4-cp311-cp311-manylinux_2_17_aarch64.manylinux2014_aarch64.whl", hash = "sha256:222e40d0e2548690405b0b3c7b21d1169117391c2e82c378467ef9ab4c8f0da7"},
    {file = "numpy-1.24.4-cp311-cp311-manylinux_2_17_x86_64.manylinux2014_x86_64.whl", hash = "sha256:7215847ce88a85ce39baf9e89070cb860c98fdddacbaa6c0da3ffb31b3350bd5"},
    {file = "numpy-1.24.4-cp311-cp311-win32.whl", hash = "sha256:4979217d7de511a8d57f4b4b5b2b965f707768440c17cb70fbf254c4b225238d"},
    {file = "numpy-1.24.4-cp311-cp311-win_amd64.whl", hash = "sha256:b7b1fc9864d7d39e28f41d089bfd6353cb5f27ecd9905348c24187a768c79694"},
    {file = "numpy-1.24.4-cp39-cp39-macosx_10_9_x86_64.whl", hash = "sha256:2541312fbf09977f3b3ad449c4e5f4bb55d0dbf79226d7724211acc905049400"},
    {file = "numpy-1.24.4-cp39-cp39-macosx_11_0_arm64.whl", hash = "sha256:9667575fb6d13c95f1b36aca12c5ee3356bf001b714fc354eb5465ce1609e62f"},
    {file = "numpy-1.24.4-cp39-cp39-manylinux_2_17_aarch64.manylinux2014_aarch64.whl", hash = "sha256:f3a86ed21e4f87050382c7bc96571755193c4c1392490744ac73d660e8f564a9"},
    {file = "numpy-1.24.4-cp39-cp39-manylinux_2_17_x86_64.manylinux2014_x86_64.whl", hash = "sha256:d11efb4dbecbdf22508d55e48d9c8384db795e1b7b51ea735289ff96613ff74d"},
    {file = "numpy-1.24.4-cp39-cp39-win32.whl", hash = "sha256:6620c0acd41dbcb368610bb2f4d83145674040025e5536954782467100aa8835"},
    {file = "numpy-1.24.4-cp39-cp39-win_amd64.whl", hash = "sha256:befe2bf740fd8373cf56149a5c23a0f601e82869598d41f8e188a0e9869926f8"},
    {file = "numpy-1.24.4-pp38-pypy38_pp73-macosx_10_9_x86_64.whl", hash = "sha256:31f13e25b4e304632a4619d0e0777662c2ffea99fcae2029556b17d8ff958aef"},
    {file = "numpy-1.24.4-pp38-pypy38_pp73-manylinux_2_17_x86_64.manylinux2014_x86_64.whl", hash = "sha256:95f7ac6540e95bc440ad77f56e520da5bf877f87dca58bd095288dce8940532a"},
    {file = "numpy-1.24.4-pp38-pypy38_pp73-win_amd64.whl", hash = "sha256:e98f220aa76ca2a977fe435f5b04d7b3470c0a2e6312907b37ba6068f26787f2"},
    {file = "numpy-1.24.4.tar.gz", hash = "sha256:80f5e3a4e498641401868df4208b74581206afbee7cf7b8329daae82676d9463"},
]

[[package]]
name = "pygments"
version = "2.16.1"
requires_python = ">=3.7"
summary = "Pygments is a syntax highlighting package written in Python."
files = [
    {file = "Pygments-2.16.1-py3-none-any.whl", hash = "sha256:13fc09fa63bc8d8671a6d247e1eb303c4b343eaee81d861f3404db2935653692"},
    {file = "Pygments-2.16.1.tar.gz", hash = "sha256:1daff0494820c69bc8941e407aa20f577374ee88364ee10a98fdbe0aece96e29"},
]

[[package]]
name = "rich"
version = "13.5.2"
requires_python = ">=3.7.0"
summary = "Render rich text, tables, progress bars, syntax highlighting, markdown and more to the terminal"
dependencies = [
    "markdown-it-py>=2.2.0",
    "pygments<3.0.0,>=2.13.0",
]
files = [
    {file = "rich-13.5.2-py3-none-any.whl", hash = "sha256:146a90b3b6b47cac4a73c12866a499e9817426423f57c5a66949c086191a8808"},
    {file = "rich-13.5.2.tar.gz", hash = "sha256:fb9d6c0a0f643c99eed3875b5377a184132ba9be4d61516a55273d3554d75a39"},
]

[[package]]
name = "taichi"
version = "1.6.0"
requires_python = ">=3.6,<3.12"
summary = "The Taichi Programming Language"
dependencies = [
    "colorama",
    "dill",
    "numpy",
    "rich",
]
files = [
    {file = "taichi-1.6.0-cp310-cp310-macosx_10_15_x86_64.whl", hash = "sha256:1a17dedd30cbf7226ff97785bdc6a3e04e15649cced296ceb2d3a0e2f5c93548"},
    {file = "taichi-1.6.0-cp310-cp310-macosx_11_0_arm64.whl", hash = "sha256:ce6f359c47b9c13b962f21671e6fe5194538f1c70057f5321d095ba11babe7c8"},
    {file = "taichi-1.6.0-cp310-cp310-manylinux2014_x86_64.whl", hash = "sha256:317290d22f3ebd557295ec5770213b712102d78a1145154cb1de1257a18ac94c"},
    {file = "taichi-1.6.0-cp310-cp310-manylinux_2_27_x86_64.whl", hash = "sha256:b7841b1a5660cf5d989ad5d562a3e59312722ed63598d4be16c21b87b9e9b019"},
    {file = "taichi-1.6.0-cp310-cp310-win_amd64.whl", hash = "sha256:5862790a00b032691944c2e777033415c171908aea77c682d0dbeba0400b5a2a"},
    {file = "taichi-1.6.0-cp311-cp311-macosx_10_15_x86_64.whl", hash = "sha256:4f725baee771587421132731c5a369e8b3c20081ff12f6363096645f47e06a30"},
    {file = "taichi-1.6.0-cp311-cp311-macosx_11_0_arm64.whl", hash = "sha256:519726573209820aedeaac1e1ca562aff2d9e1c13ee2b9fefd48200938812cc7"},
    {file = "taichi-1.6.0-cp311-cp311-manylinux2014_x86_64.whl", hash = "sha256:6190db2e09ea270cfe79cf8e55baed8dd293eaad40d908147c8ac415cafc5906"},
    {file = "taichi-1.6.0-cp311-cp311-manylinux_2_27_x86_64.whl", hash = "sha256:805a04fbf1d3a87f8019ad79f2a632c23fc58b76818495cda837208a7f3f36e3"},
    {file = "taichi-1.6.0-cp311-cp311-win_amd64.whl", hash = "sha256:0fd4fa13ade70795ca6c516ee37f58158bda49eb692d5bb4f8bb53949152d0df"},
    {file = "taichi-1.6.0-cp39-cp39-macosx_10_15_x86_64.whl", hash = "sha256:77b55a61705b70eb5b8f185e65aa8feb9e2b478bb94251438f7a1b4a887440e5"},
    {file = "taichi-1.6.0-cp39-cp39-macosx_11_0_arm64.whl", hash = "sha256:f9e312d0d92c6059a301804a6adc69264150ed78964ef2ddfd7473c1ea029908"},
    {file = "taichi-1.6.0-cp39-cp39-manylinux2014_x86_64.whl", hash = "sha256:dfb15ddeab99039d5364e69448d599a57a43b3948561edf9bbba17c56e7d7bf1"},
    {file = "taichi-1.6.0-cp39-cp39-manylinux_2_27_x86_64.whl", hash = "sha256:2d5ad5a227f7c06366e1d3f1af5a0527367f71c3e18f453c0272cda6c2ef1fc7"},
    {file = "taichi-1.6.0-cp39-cp39-win_amd64.whl", hash = "sha256:2a5c5fe541373c2ac713f1df05db575f542357b9388198b842d4fede01274bb2"},
]
